
Microsoft Visual Studio Solution File, Format Version 12.00
# Visual Studio Version 17
VisualStudioVersion = 17.2.32516.85
MinimumVisualStudioVersion = 10.0.40219.1
Project("{FAE04EC0-301F-11D3-BF4B-00C04F79EFBC}") = "reflactionDemo", "reflactionDemo\reflactionDemo.csproj", "{A2E06559-E234-43B5-811E-8EF508F2E99A}"
EndProject
Project("{FAE04EC0-301F-11D3-BF4B-00C04F79EFBC}") = "PrintAll", "PrintAll\PrintAll.csproj", "{8C59B002-B24D-44B8-AF80-B9EE2EE77810}"
EndProject
Global
	GlobalSection(SolutionConfigurationPlatforms) = preSolution
		Debug|Any CPU = Debug|Any CPU
		Release|Any CPU = Release|Any CPU
	EndGlobalSection
	GlobalSection(ProjectConfigurationPlatforms) = postSolution
		{A2E06559-E234-43B5-811E-8EF508F2E99A}.Debug|Any CPU.ActiveCfg = Debug|Any CPU
		{A2E06559-E234-43B5-811E-8EF508F2E99A}.Debug|Any CPU.Build.0 = Debug|Any CPU
		{A2E06559-E234-43B5-811E-8EF508F2E99A}.Release|Any CPU.ActiveCfg = Release|Any CPU
		{A2E06559-E234-43B5-811E-8EF508F2E99A}.Release|Any CPU.Build.0 = Release|Any CPU
		{8C59B002-B24D-44B8-AF80-B9EE2EE77810}.Debug|Any CPU.ActiveCfg = Debug|Any CPU
		{8C59B002-B24D-44B8-AF80-B9EE2EE77810}.Debug|Any CPU.Build.0 = Debug|Any CPU
		{8C59B002-B24D-44B8-AF80-B9EE2EE77810}.Release|Any CPU.ActiveCfg = Release|Any CPU
		{8C59B002-B24D-44B8-AF80-B9EE2EE77810}.Release|Any CPU.Build.0 = Release|Any CPU
	EndGlobalSection
	GlobalSection(SolutionProperties) = preSolution
		HideSolutionNode = FALSE
	EndGlobalSection
	GlobalSection(ExtensibilityGlobals) = postSolution
		SolutionGuid = {4DD2E318-2845-4ABB-B63A-F0DD70BF4848}
	EndGlobalSection
EndGlobal
